
Microsoft Visual Studio Solution File, Format Version 12.00
# Visual Studio 15
Project("{2150E333-8FDC-42A3-9474-1A3956D46DE8}") = "src", "src", "{8AB8A568-7A8D-4771-AF02-CF0CB00A5C1D}"
EndProject
Project("{2150E333-8FDC-42A3-9474-1A3956D46DE8}") = "test", "test", "{322377D9-3689-4A96-BAB3-15FE19B5DEE5}"
EndProject
Project("{FAE04EC0-301F-11D3-BF4B-00C04F79EFBC}") = "Gbm.Cash.Batch.Engine.Handlers", "Gbm.Cash.Batch.Engine.Handlers\Gbm.Cash.Batch.Engine.Handlers.csproj", "{7808D833-E6D5-41DF-A785-305AEA249D7B}"
EndProject
Project("{FAE04EC0-301F-11D3-BF4B-00C04F79EFBC}") = "Gbm.Cash.Batch.Engine.Entities", "Gbm.Cash.Batch.Engine.Models\Gbm.Cash.Batch.Engine.Entities.csproj", "{0F4C4658-A974-4294-BD4B-80F14BEF4CD5}"
EndProject
Project("{FAE04EC0-301F-11D3-BF4B-00C04F79EFBC}") = "Gbm.Cash.Batch.Engine.Repositories", "Gbm.Cash.Batch.Engine.Repositories\Gbm.Cash.Batch.Engine.Repositories.csproj", "{50B8E810-2174-4A53-A07F-35EF6100AA91}"
EndProject
Project("{FAE04EC0-301F-11D3-BF4B-00C04F79EFBC}") = "Gbm.Cash.Batch.Engine.Services", "Gbm.Cash.Batch.Engine.Services\Gbm.Cash.Batch.Engine.Services.csproj", "{DD6B4246-FC30-415C-B27E-34F5FA7F62EC}"
EndProject
Project("{FAE04EC0-301F-11D3-BF4B-00C04F79EFBC}") = "Gbm.Cash.Batch.Engine.UnitOfWork", "Gbm.Cash.Batch.Engine.UnitOfWork\Gbm.Cash.Batch.Engine.UnitOfWork.csproj", "{22AF103E-7D02-49BB-AF31-DC398A83F580}"
EndProject
Project("{2150E333-8FDC-42A3-9474-1A3956D46DE8}") = "src", "src", "{C7F04FB5-BE50-4657-9376-778705A36DD2}"
EndProject
Project("{FAE04EC0-301F-11D3-BF4B-00C04F79EFBC}") = "Gbm.Cash.Batch.Engine.Handlers.Tests", "Gbm.Cash.Batch.Engine.Handlers.Tests\Gbm.Cash.Batch.Engine.Handlers.Tests.csproj", "{B3B49D5D-0EDC-4805-B2A6-FC547B86F65E}"
EndProject
Project("{FAE04EC0-301F-11D3-BF4B-00C04F79EFBC}") = "Gbm.Cash.Batch.Engine.Entities.Tests", "Gbm.Cash.Batch.Engine.Models.Tests\Gbm.Cash.Batch.Engine.Entities.Tests.csproj", "{D1278DA0-EF30-424E-B20F-3F77CADBB9AF}"
EndProject
Project("{FAE04EC0-301F-11D3-BF4B-00C04F79EFBC}") = "Gbm.Cash.Batch.Engine.Repositories.Tests", "Gbm.Cash.Batch.Engine.Repositories.Tests\Gbm.Cash.Batch.Engine.Repositories.Tests.csproj", "{88E6C771-F6B7-4C2B-A4BC-95B7BC497C8B}"
EndProject
Project("{FAE04EC0-301F-11D3-BF4B-00C04F79EFBC}") = "Gbm.Cash.Batch.Engine.Services.Tests", "Gbm.Cash.Batch.Engine.Services.Tests\Gbm.Cash.Batch.Engine.Services.Tests.csproj", "{A5FA2477-65DA-4A5C-957D-132F5429C869}"
EndProject
Project("{FAE04EC0-301F-11D3-BF4B-00C04F79EFBC}") = "Gbm.Cash.Batch.Engine.UnitOfWork.Tests", "Gbm.Cash.Batch.Engine.UnitOfWork.Tests\Gbm.Cash.Batch.Engine.UnitOfWork.Tests.csproj", "{D5F43520-6235-4E1F-A011-01D0D83D8232}"
EndProject
Project("{2150E333-8FDC-42A3-9474-1A3956D46DE8}") = "Handlers", "Handlers", "{BE4FA2EC-7E12-4641-B5D2-040BF2C149A2}"
EndProject
Project("{2150E333-8FDC-42A3-9474-1A3956D46DE8}") = "Entities", "Entities", "{6EA19451-CC32-45B6-BE5E-1710CDC13A92}"
EndProject
Project("{2150E333-8FDC-42A3-9474-1A3956D46DE8}") = "Repositories", "Repositories", "{8B805070-8C30-4E7B-B845-928D0F30248F}"
EndProject
Project("{2150E333-8FDC-42A3-9474-1A3956D46DE8}") = "Services", "Services", "{EFE3CECD-EA44-4EE7-9C6A-94FE0E4A185B}"
EndProject
Project("{2150E333-8FDC-42A3-9474-1A3956D46DE8}") = "UnitOfWork", "UnitOfWork", "{4039C1DB-3620-4072-BCC2-D883634F4074}"
EndProject
Project("{2150E333-8FDC-42A3-9474-1A3956D46DE8}") = "Libraries", "Libraries", "{7791542D-051F-44DA-A265-C5AB97024217}"
EndProject
Project("{2150E333-8FDC-42A3-9474-1A3956D46DE8}") = "Entities", "Entities", "{8F09C658-F852-4C4C-9EA6-5D7451100FCA}"
EndProject
Project("{2150E333-8FDC-42A3-9474-1A3956D46DE8}") = "Handlers", "Handlers", "{04DC074D-8F84-45F7-B980-19A8678EA8A7}"
EndProject
Project("{2150E333-8FDC-42A3-9474-1A3956D46DE8}") = "Libraries", "Libraries", "{40666BBF-0D5C-46DC-B071-4391A754C75D}"
EndProject
Project("{2150E333-8FDC-42A3-9474-1A3956D46DE8}") = "Repositories", "Repositories", "{6C50223B-6895-4A34-AC26-40EE5AE37010}"
EndProject
Project("{2150E333-8FDC-42A3-9474-1A3956D46DE8}") = "Services", "Services", "{0F530311-AD0C-4848-8F04-D76AEFA68071}"
EndProject
Project("{2150E333-8FDC-42A3-9474-1A3956D46DE8}") = "UnitOfWork", "UnitOfWork", "{5D5C2DA8-4422-42C6-9BD0-B0BDEFDC8996}"
EndProject
Project("{2150E333-8FDC-42A3-9474-1A3956D46DE8}") = "Solution Items", "Solution Items", "{E0BE5195-6A82-4AE5-8F1F-27FFD4808076}"
	ProjectSection(SolutionItems) = preProject
		README.md = README.md
		serverless.yml = serverless.yml
	EndProjectSection
EndProject
Global
	GlobalSection(SolutionConfigurationPlatforms) = preSolution
		Debug|Any CPU = Debug|Any CPU
		Release|Any CPU = Release|Any CPU
	EndGlobalSection
	GlobalSection(ProjectConfigurationPlatforms) = postSolution
		{7808D833-E6D5-41DF-A785-305AEA249D7B}.Debug|Any CPU.ActiveCfg = Debug|Any CPU
		{7808D833-E6D5-41DF-A785-305AEA249D7B}.Debug|Any CPU.Build.0 = Debug|Any CPU
		{7808D833-E6D5-41DF-A785-305AEA249D7B}.Release|Any CPU.ActiveCfg = Release|Any CPU
		{7808D833-E6D5-41DF-A785-305AEA249D7B}.Release|Any CPU.Build.0 = Release|Any CPU
		{0F4C4658-A974-4294-BD4B-80F14BEF4CD5}.Debug|Any CPU.ActiveCfg = Debug|Any CPU
		{0F4C4658-A974-4294-BD4B-80F14BEF4CD5}.Debug|Any CPU.Build.0 = Debug|Any CPU
		{0F4C4658-A974-4294-BD4B-80F14BEF4CD5}.Release|Any CPU.ActiveCfg = Release|Any CPU
		{0F4C4658-A974-4294-BD4B-80F14BEF4CD5}.Release|Any CPU.Build.0 = Release|Any CPU
		{50B8E810-2174-4A53-A07F-35EF6100AA91}.Debug|Any CPU.ActiveCfg = Debug|Any CPU
		{50B8E810-2174-4A53-A07F-35EF6100AA91}.Debug|Any CPU.Build.0 = Debug|Any CPU
		{50B8E810-2174-4A53-A07F-35EF6100AA91}.Release|Any CPU.ActiveCfg = Release|Any CPU
		{50B8E810-2174-4A53-A07F-35EF6100AA91}.Release|Any CPU.Build.0 = Release|Any CPU
		{DD6B4246-FC30-415C-B27E-34F5FA7F62EC}.Debug|Any CPU.ActiveCfg = Debug|Any CPU
		{DD6B4246-FC30-415C-B27E-34F5FA7F62EC}.Debug|Any CPU.Build.0 = Debug|Any CPU
		{DD6B4246-FC30-415C-B27E-34F5FA7F62EC}.Release|Any CPU.ActiveCfg = Release|Any CPU
		{DD6B4246-FC30-415C-B27E-34F5FA7F62EC}.Release|Any CPU.Build.0 = Release|Any CPU
		{22AF103E-7D02-49BB-AF31-DC398A83F580}.Debug|Any CPU.ActiveCfg = Debug|Any CPU
		{22AF103E-7D02-49BB-AF31-DC398A83F580}.Debug|Any CPU.Build.0 = Debug|Any CPU
		{22AF103E-7D02-49BB-AF31-DC398A83F580}.Release|Any CPU.ActiveCfg = Release|Any CPU
		{22AF103E-7D02-49BB-AF31-DC398A83F580}.Release|Any CPU.Build.0 = Release|Any CPU
		{B3B49D5D-0EDC-4805-B2A6-FC547B86F65E}.Debug|Any CPU.ActiveCfg = Debug|Any CPU
		{B3B49D5D-0EDC-4805-B2A6-FC547B86F65E}.Debug|Any CPU.Build.0 = Debug|Any CPU
		{B3B49D5D-0EDC-4805-B2A6-FC547B86F65E}.Release|Any CPU.ActiveCfg = Release|Any CPU
		{B3B49D5D-0EDC-4805-B2A6-FC547B86F65E}.Release|Any CPU.Build.0 = Release|Any CPU
		{D1278DA0-EF30-424E-B20F-3F77CADBB9AF}.Debug|Any CPU.ActiveCfg = Debug|Any CPU
		{D1278DA0-EF30-424E-B20F-3F77CADBB9AF}.Debug|Any CPU.Build.0 = Debug|Any CPU
		{D1278DA0-EF30-424E-B20F-3F77CADBB9AF}.Release|Any CPU.ActiveCfg = Release|Any CPU
		{D1278DA0-EF30-424E-B20F-3F77CADBB9AF}.Release|Any CPU.Build.0 = Release|Any CPU
		{88E6C771-F6B7-4C2B-A4BC-95B7BC497C8B}.Debug|Any CPU.ActiveCfg = Debug|Any CPU
		{88E6C771-F6B7-4C2B-A4BC-95B7BC497C8B}.Debug|Any CPU.Build.0 = Debug|Any CPU
		{88E6C771-F6B7-4C2B-A4BC-95B7BC497C8B}.Release|Any CPU.ActiveCfg = Release|Any CPU
		{88E6C771-F6B7-4C2B-A4BC-95B7BC497C8B}.Release|Any CPU.Build.0 = Release|Any CPU
		{A5FA2477-65DA-4A5C-957D-132F5429C869}.Debug|Any CPU.ActiveCfg = Debug|Any CPU
		{A5FA2477-65DA-4A5C-957D-132F5429C869}.Debug|Any CPU.Build.0 = Debug|Any CPU
		{A5FA2477-65DA-4A5C-957D-132F5429C869}.Release|Any CPU.ActiveCfg = Release|Any CPU
		{A5FA2477-65DA-4A5C-957D-132F5429C869}.Release|Any CPU.Build.0 = Release|Any CPU
		{D5F43520-6235-4E1F-A011-01D0D83D8232}.Debug|Any CPU.ActiveCfg = Debug|Any CPU
		{D5F43520-6235-4E1F-A011-01D0D83D8232}.Debug|Any CPU.Build.0 = Debug|Any CPU
		{D5F43520-6235-4E1F-A011-01D0D83D8232}.Release|Any CPU.ActiveCfg = Release|Any CPU
		{D5F43520-6235-4E1F-A011-01D0D83D8232}.Release|Any CPU.Build.0 = Release|Any CPU
	EndGlobalSection
	GlobalSection(NestedProjects) = preSolution
		{7808D833-E6D5-41DF-A785-305AEA249D7B} = {BE4FA2EC-7E12-4641-B5D2-040BF2C149A2}
		{0F4C4658-A974-4294-BD4B-80F14BEF4CD5} = {6EA19451-CC32-45B6-BE5E-1710CDC13A92}
		{50B8E810-2174-4A53-A07F-35EF6100AA91} = {8B805070-8C30-4E7B-B845-928D0F30248F}
		{DD6B4246-FC30-415C-B27E-34F5FA7F62EC} = {EFE3CECD-EA44-4EE7-9C6A-94FE0E4A185B}
		{22AF103E-7D02-49BB-AF31-DC398A83F580} = {4039C1DB-3620-4072-BCC2-D883634F4074}
		{C7F04FB5-BE50-4657-9376-778705A36DD2} = {322377D9-3689-4A96-BAB3-15FE19B5DEE5}
		{B3B49D5D-0EDC-4805-B2A6-FC547B86F65E} = {04DC074D-8F84-45F7-B980-19A8678EA8A7}
		{D1278DA0-EF30-424E-B20F-3F77CADBB9AF} = {8F09C658-F852-4C4C-9EA6-5D7451100FCA}
		{88E6C771-F6B7-4C2B-A4BC-95B7BC497C8B} = {6C50223B-6895-4A34-AC26-40EE5AE37010}
		{A5FA2477-65DA-4A5C-957D-132F5429C869} = {0F530311-AD0C-4848-8F04-D76AEFA68071}
		{D5F43520-6235-4E1F-A011-01D0D83D8232} = {5D5C2DA8-4422-42C6-9BD0-B0BDEFDC8996}
		{BE4FA2EC-7E12-4641-B5D2-040BF2C149A2} = {8AB8A568-7A8D-4771-AF02-CF0CB00A5C1D}
		{6EA19451-CC32-45B6-BE5E-1710CDC13A92} = {8AB8A568-7A8D-4771-AF02-CF0CB00A5C1D}
		{8B805070-8C30-4E7B-B845-928D0F30248F} = {8AB8A568-7A8D-4771-AF02-CF0CB00A5C1D}
		{EFE3CECD-EA44-4EE7-9C6A-94FE0E4A185B} = {8AB8A568-7A8D-4771-AF02-CF0CB00A5C1D}
		{4039C1DB-3620-4072-BCC2-D883634F4074} = {8AB8A568-7A8D-4771-AF02-CF0CB00A5C1D}
		{7791542D-051F-44DA-A265-C5AB97024217} = {8AB8A568-7A8D-4771-AF02-CF0CB00A5C1D}
		{8F09C658-F852-4C4C-9EA6-5D7451100FCA} = {C7F04FB5-BE50-4657-9376-778705A36DD2}
		{04DC074D-8F84-45F7-B980-19A8678EA8A7} = {C7F04FB5-BE50-4657-9376-778705A36DD2}
		{40666BBF-0D5C-46DC-B071-4391A754C75D} = {C7F04FB5-BE50-4657-9376-778705A36DD2}
		{6C50223B-6895-4A34-AC26-40EE5AE37010} = {C7F04FB5-BE50-4657-9376-778705A36DD2}
		{0F530311-AD0C-4848-8F04-D76AEFA68071} = {C7F04FB5-BE50-4657-9376-778705A36DD2}
		{5D5C2DA8-4422-42C6-9BD0-B0BDEFDC8996} = {C7F04FB5-BE50-4657-9376-778705A36DD2}
	EndGlobalSection
EndGlobal
